
Microsoft Visual Studio Solution File, Format Version 12.00
# Visual Studio Version 16
VisualStudioVersion = 16.0.31402.337
MinimumVisualStudioVersion = 10.0.40219.1
Project("{FAE04EC0-301F-11D3-BF4B-00C04F79EFBC}") = "MyBlazorProject", "MyBlazorProject\MyBlazorProject.csproj", "{A8E2F342-6422-43A0-9F14-70B83D65ADC9}"
EndProject
Global
	GlobalSection(SolutionConfigurationPlatforms) = preSolution
		Debug|Any CPU = Debug|Any CPU
		Release|Any CPU = Release|Any CPU
	EndGlobalSection
	GlobalSection(ProjectConfigurationPlatforms) = postSolution
		{A8E2F342-6422-43A0-9F14-70B83D65ADC9}.Debug|Any CPU.ActiveCfg = Debug|Any CPU
		{A8E2F342-6422-43A0-9F14-70B83D65ADC9}.Debug|Any CPU.Build.0 = Debug|Any CPU
		{A8E2F342-6422-43A0-9F14-70B83D65ADC9}.Release|Any CPU.ActiveCfg = Release|Any CPU
		{A8E2F342-6422-43A0-9F14-70B83D65ADC9}.Release|Any CPU.Build.0 = Release|Any CPU
	EndGlobalSection
	GlobalSection(SolutionProperties) = preSolution
		HideSolutionNode = FALSE
	EndGlobalSection
	GlobalSection(ExtensibilityGlobals) = postSolution
		SolutionGuid = {061FDF49-9F8E-4932-81C6-068A5D208F74}
	EndGlobalSection
EndGlobal
