
Microsoft Visual Studio Solution File, Format Version 12.00
# Visual Studio Version 17
VisualStudioVersion = 17.4.33213.308
MinimumVisualStudioVersion = 10.0.40219.1
Project("{FAE04EC0-301F-11D3-BF4B-00C04F79EFBC}") = "WorkingWithCards.Server", "Server\WorkingWithCards.Server.csproj", "{6E95A2CB-E823-4C24-B46D-98273DAC2368}"
EndProject
Project("{FAE04EC0-301F-11D3-BF4B-00C04F79EFBC}") = "WorkingWithCards.Client", "Client\WorkingWithCards.Client.csproj", "{9BC05610-395E-4368-98BC-CC9B55FE6D96}"
EndProject
Project("{FAE04EC0-301F-11D3-BF4B-00C04F79EFBC}") = "WorkingWithCards.Shared", "Shared\WorkingWithCards.Shared.csproj", "{6258E54D-77EC-4745-A3F4-6BA74CCACAE2}"
EndProject
Global
	GlobalSection(SolutionConfigurationPlatforms) = preSolution
		Debug|Any CPU = Debug|Any CPU
		Release|Any CPU = Release|Any CPU
	EndGlobalSection
	GlobalSection(ProjectConfigurationPlatforms) = postSolution
		{6E95A2CB-E823-4C24-B46D-98273DAC2368}.Debug|Any CPU.ActiveCfg = Debug|Any CPU
		{6E95A2CB-E823-4C24-B46D-98273DAC2368}.Debug|Any CPU.Build.0 = Debug|Any CPU
		{6E95A2CB-E823-4C24-B46D-98273DAC2368}.Release|Any CPU.ActiveCfg = Release|Any CPU
		{6E95A2CB-E823-4C24-B46D-98273DAC2368}.Release|Any CPU.Build.0 = Release|Any CPU
		{9BC05610-395E-4368-98BC-CC9B55FE6D96}.Debug|Any CPU.ActiveCfg = Debug|Any CPU
		{9BC05610-395E-4368-98BC-CC9B55FE6D96}.Debug|Any CPU.Build.0 = Debug|Any CPU
		{9BC05610-395E-4368-98BC-CC9B55FE6D96}.Release|Any CPU.ActiveCfg = Release|Any CPU
		{9BC05610-395E-4368-98BC-CC9B55FE6D96}.Release|Any CPU.Build.0 = Release|Any CPU
		{6258E54D-77EC-4745-A3F4-6BA74CCACAE2}.Debug|Any CPU.ActiveCfg = Debug|Any CPU
		{6258E54D-77EC-4745-A3F4-6BA74CCACAE2}.Debug|Any CPU.Build.0 = Debug|Any CPU
		{6258E54D-77EC-4745-A3F4-6BA74CCACAE2}.Release|Any CPU.ActiveCfg = Release|Any CPU
		{6258E54D-77EC-4745-A3F4-6BA74CCACAE2}.Release|Any CPU.Build.0 = Release|Any CPU
	EndGlobalSection
	GlobalSection(SolutionProperties) = preSolution
		HideSolutionNode = FALSE
	EndGlobalSection
	GlobalSection(ExtensibilityGlobals) = postSolution
		SolutionGuid = {C42E8533-39AD-4ADC-BF93-202AF0953398}
	EndGlobalSection
EndGlobal
